
Microsoft Visual Studio Solution File, Format Version 12.00
# Visual Studio 2013
VisualStudioVersion = 12.0.40629.0
MinimumVisualStudioVersion = 10.0.40219.1
Project("{F184B08F-C81C-45F6-A57F-5ABD9991F28F}") = "IOUDownloader", "IOUDownloader.vbproj", "{A560E4CE-3C23-4ECE-A2EF-6E437A5BAD60}"
EndProject
Project("{2150E333-8FDC-42A3-9474-1A3956D46DE8}") = ".nuget", ".nuget", "{EC8A692E-BF1D-4079-907F-FFC4F7AF5788}"
	ProjectSection(SolutionItems) = preProject
		.nuget\packages.config = .nuget\packages.config
	EndProjectSection
EndProject
Global
	GlobalSection(SolutionConfigurationPlatforms) = preSolution
		Debug|Any CPU = Debug|Any CPU
		Release|Any CPU = Release|Any CPU
	EndGlobalSection
	GlobalSection(ProjectConfigurationPlatforms) = postSolution
		{A560E4CE-3C23-4ECE-A2EF-6E437A5BAD60}.Debug|Any CPU.ActiveCfg = Debug|Any CPU
		{A560E4CE-3C23-4ECE-A2EF-6E437A5BAD60}.Debug|Any CPU.Build.0 = Debug|Any CPU
		{A560E4CE-3C23-4ECE-A2EF-6E437A5BAD60}.Release|Any CPU.ActiveCfg = Release|Any CPU
		{A560E4CE-3C23-4ECE-A2EF-6E437A5BAD60}.Release|Any CPU.Build.0 = Release|Any CPU
	EndGlobalSection
	GlobalSection(SolutionProperties) = preSolution
		HideSolutionNode = FALSE
	EndGlobalSection
EndGlobal
